Microsoft Visual Studio Solution File, Format Version 12.00
# Visual Studio Version 17
VisualStudioVersion = 17.5.2.0
MinimumVisualStudioVersion = 10.0.40219.1
Project("{FAE04EC0-301F-11D3-BF4B-00C04F79EFBC}") = "RunTrackerApp", "RunTrackerApp.csproj", "{60AA83DE-3358-8612-766B-B4769CB35AA5}"
EndProject
Global
	GlobalSection(SolutionConfigurationPlatforms) = preSolution
		Debug|Any CPU = Debug|Any CPU
		Release|Any CPU = Release|Any CPU
	EndGlobalSection
	GlobalSection(ProjectConfigurationPlatforms) = postSolution
		{60AA83DE-3358-8612-766B-B4769CB35AA5}.Debug|Any CPU.ActiveCfg = Debug|Any CPU
		{60AA83DE-3358-8612-766B-B4769CB35AA5}.Debug|Any CPU.Build.0 = Debug|Any CPU
		{60AA83DE-3358-8612-766B-B4769CB35AA5}.Release|Any CPU.ActiveCfg = Release|Any CPU
		{60AA83DE-3358-8612-766B-B4769CB35AA5}.Release|Any CPU.Build.0 = Release|Any CPU
	EndGlobalSection
	GlobalSection(SolutionProperties) = preSolution
		HideSolutionNode = FALSE
	EndGlobalSection
	GlobalSection(ExtensibilityGlobals) = postSolution
		SolutionGuid = {EAADF1B0-DCB7-4BB5-9F75-E00866FAE78B}
	EndGlobalSection
EndGlobal
