Microsoft Visual Studio Solution File, Format Version 12.00
# Visual Studio Version 17
VisualStudioVersion = 17.5.2.0
MinimumVisualStudioVersion = 10.0.40219.1
Project("{FAE04EC0-301F-11D3-BF4B-00C04F79EFBC}") = "RunTrackerV5App", "RunTrackerV5App.csproj", "{E6AF4DE2-9F51-968C-399C-8845B7B12046}"
EndProject
Global
	GlobalSection(SolutionConfigurationPlatforms) = preSolution
		Debug|Any CPU = Debug|Any CPU
		Release|Any CPU = Release|Any CPU
	EndGlobalSection
	GlobalSection(ProjectConfigurationPlatforms) = postSolution
		{E6AF4DE2-9F51-968C-399C-8845B7B12046}.Debug|Any CPU.ActiveCfg = Debug|Any CPU
		{E6AF4DE2-9F51-968C-399C-8845B7B12046}.Debug|Any CPU.Build.0 = Debug|Any CPU
		{E6AF4DE2-9F51-968C-399C-8845B7B12046}.Release|Any CPU.ActiveCfg = Release|Any CPU
		{E6AF4DE2-9F51-968C-399C-8845B7B12046}.Release|Any CPU.Build.0 = Release|Any CPU
	EndGlobalSection
	GlobalSection(SolutionProperties) = preSolution
		HideSolutionNode = FALSE
	EndGlobalSection
	GlobalSection(ExtensibilityGlobals) = postSolution
		SolutionGuid = {E5AE987D-09B6-4909-9893-9F593B5B556C}
	EndGlobalSection
EndGlobal
